// !$*UTF8*$!
{
	archiveVersion = 1;
	classes = {
	};
	objectVersion = 55;
	objects = {

/* Begin PBXBuildFile section */
		CB1178D027ABCA13008DABB0 /* SeguePushViewController.swift in Sources */ = {isa = PBXBuildFile; fileRef = CB1178CF27ABCA13008DABB0 /* SeguePushViewController.swift */; };
		CB1178D227ABCC67008DABB0 /* SeguePresentViewController.swift in Sources */ = {isa = PBXBuildFile; fileRef = CB1178D127ABCC67008DABB0 /* SeguePresentViewController.swift */; };
		CB1178D427ABCE5F008DABB0 /* CodePushViewController.swift in Sources */ = {isa = PBXBuildFile; fileRef = CB1178D327ABCE5F008DABB0 /* CodePushViewController.swift */; };
		CB1178D627ABD074008DABB0 /* CodePresentViewController.swift in Sources */ = {isa = PBXBuildFile; fileRef = CB1178D527ABD074008DABB0 /* CodePresentViewController.swift */; };
		CBD7FB2427ABC09700815A07 /* AppDelegate.swift in Sources */ = {isa = PBXBuildFile; fileRef = CBD7FB2327ABC09700815A07 /* AppDelegate.swift */; };
		CBD7FB2627ABC09700815A07 /* SceneDelegate.swift in Sources */ = {isa = PBXBuildFile; fileRef = CBD7FB2527ABC09700815A07 /* SceneDelegate.swift */; };
		CBD7FB2827ABC09700815A07 /* ViewController.swift in Sources */ = {isa = PBXBuildFile; fileRef = CBD7FB2727ABC09700815A07 /* ViewController.swift */; };
		CBD7FB2B27ABC09700815A07 /* Main.storyboard in Resources */ = {isa = PBXBuildFile; fileRef = CBD7FB2927ABC09700815A07 /* Main.storyboard */; };
		CBD7FB2D27ABC09800815A07 /* Assets.xcassets in Resources */ = {isa = PBXBuildFile; fileRef = CBD7FB2C27ABC09800815A07 /* Assets.xcassets */; };
		CBD7FB3027ABC09800815A07 /* LaunchScreen.storyboard in Resources */ = {isa = PBXBuildFile; fileRef = CBD7FB2E27ABC09800815A07 /* LaunchScreen.storyboard */; };
/* End PBXBuildFile section */

/* Begin PBXFileReference section */
		CB1178CF27ABCA13008DABB0 /* SeguePushViewController.swift */ = {isa = PBXFileReference; lastKnownFileType = sourcecode.swift; path = SeguePushViewController.swift; sourceTree = "<group>"; };
		CB1178D127ABCC67008DABB0 /* SeguePresentViewController.swift */ = {isa = PBXFileReference; lastKnownFileType = sourcecode.swift; path = SeguePresentViewController.swift; sourceTree = "<group>"; };
		CB1178D327ABCE5F008DABB0 /* CodePushViewController.swift */ = {isa = PBXFileReference; lastKnownFileType = sourcecode.swift; path = CodePushViewController.swift; sourceTree = "<group>"; };
		CB1178D527ABD074008DABB0 /* CodePresentViewController.swift */ = {isa = PBXFileReference; lastKnownFileType = sourcecode.swift; path = CodePresentViewController.swift; sourceTree = "<group>"; };
		CBD7FB2027ABC09700815A07 /* ScreenTransitionExample.app */ = {isa = PBXFileReference; explicitFileType = wrapper.application; includeInIndex = 0; path = ScreenTransitionExample.app; sourceTree = BUILT_PRODUCTS_DIR; };
		CBD7FB2327ABC09700815A07 /* AppDelegate.swift */ = {isa = PBXFileReference; lastKnownFileType = sourcecode.swift; path = AppDelegate.swift; sourceTree = "<group>"; };
		CBD7FB2527ABC09700815A07 /* SceneDelegate.swift */ = {isa = PBXFileReference; lastKnownFileType = sourcecode.swift; path = SceneDelegate.swift; sourceTree = "<group>"; };
		CBD7FB2727ABC09700815A07 /* ViewController.swift */ = {isa = PBXFileReference; lastKnownFileType = sourcecode.swift; path = ViewController.swift; sourceTree = "<group>"; };
		CBD7FB2A27ABC09700815A07 /* Base */ = {isa = PBXFileReference; lastKnownFileType = file.storyboard; name = Base; path = Base.lproj/Main.storyboard; sourceTree = "<group>"; };
		CBD7FB2C27ABC09800815A07 /* Assets.xcassets */ = {isa = PBXFileReference; lastKnownFileType = folder.assetcatalog; path = Assets.xcassets; sourceTree = "<group>"; };
		CBD7FB2F27ABC09800815A07 /* Base */ = {isa = PBXFileReference; lastKnownFileType = file.storyboard; name = Base; path = Base.lproj/LaunchScreen.storyboard; sourceTree = "<group>"; };
		CBD7FB3127ABC09800815A07 /* Info.plist */ = {isa = PBXFileReference; lastKnownFileType = text.plist.xml; path = Info.plist; sourceTree = "<group>"; };
/* End PBXFileReference section */

/* Begin PBXFrameworksBuildPhase section */
		CBD7FB1D27ABC09700815A07 /* Frameworks */ = {
			isa = PBXFrameworksBuildPhase;
			buildActionMask = 2147483647;
			files = (
			);
			runOnlyForDeploymentPostprocessing = 0;
		};
/* End PBXFrameworksBuildPhase section */

/* Begin PBXGroup section */
		CBD7FB1727ABC09700815A07 = {
			isa = PBXGroup;
			children = (
				CBD7FB2227ABC09700815A07 /* ScreenTransitionExample */,
				CBD7FB2127ABC09700815A07 /* Products */,
			);
			sourceTree = "<group>";
		};
		CBD7FB2127ABC09700815A07 /* Products */ = {
			isa = PBXGroup;
			children = (
				CBD7FB2027ABC09700815A07 /* ScreenTransitionExample.app */,
			);
			name = Products;
			sourceTree = "<group>";
		};
		CBD7FB2227ABC09700815A07 /* ScreenTransitionExample */ = {
			isa = PBXGroup;
			children = (
				CBD7FB2327ABC09700815A07 /* AppDelegate.swift */,
				CBD7FB2527ABC09700815A07 /* SceneDelegate.swift */,
				CBD7FB2727ABC09700815A07 /* ViewController.swift */,
				CBD7FB2927ABC09700815A07 /* Main.storyboard */,
				CBD7FB2C27ABC09800815A07 /* Assets.xcassets */,
				CBD7FB2E27ABC09800815A07 /* LaunchScreen.storyboard */,
				CBD7FB3127ABC09800815A07 /* Info.plist */,
				CB1178CF27ABCA13008DABB0 /* SeguePushViewController.swift */,
				CB1178D127ABCC67008DABB0 /* SeguePresentViewController.swift */,
				CB1178D327ABCE5F008DABB0 /* CodePushViewController.swift */,
				CB1178D527ABD074008DABB0 /* CodePresentViewController.swift */,
			);
			path = ScreenTransitionExample;
			sourceTree = "<group>";
		};
/* End PBXGroup section */

/* Begin PBXNativeTarget section */
		CBD7FB1F27ABC09700815A07 /* ScreenTransitionExample */ = {
			isa = PBXNativeTarget;
			buildConfigurationList = CBD7FB3427ABC09800815A07 /* Build configuration list for PBXNativeTarget "ScreenTransitionExample" */;
			buildPhases = (
				CBD7FB1C27ABC09700815A07 /* Sources */,
				CBD7FB1D27ABC09700815A07 /* Frameworks */,
				CBD7FB1E27ABC09700815A07 /* Resources */,
			);
			buildRules = (
			);
			dependencies = (
			);
			name = ScreenTransitionExample;
			productName = ScreenTransitionExample;
			productReference = CBD7FB2027ABC09700815A07 /* ScreenTransitionExample.app */;
			productType = "com.apple.product-type.application";
		};
/* End PBXNativeTarget section */

/* Begin PBXProject section */
		CBD7FB1827ABC09700815A07 /* Project object */ = {
			isa = PBXProject;
			attributes = {
				BuildIndependentTargetsInParallel = 1;
				LastSwiftUpdateCheck = 1320;
				LastUpgradeCheck = 1320;
				TargetAttributes = {
					CBD7FB1F27ABC09700815A07 = {
						CreatedOnToolsVersion = 13.2.1;
					};
				};
			};
			buildConfigurationList = CBD7FB1B27ABC09700815A07 /* Build configuration list for PBXProject "ScreenTransitionExample" */;
			compatibilityVersion = "Xcode 13.0";
			developmentRegion = en;
			hasScannedForEncodings = 0;
			knownRegions = (
				en,
				Base,
			);
			mainGroup = CBD7FB1727ABC09700815A07;
			productRefGroup = CBD7FB2127ABC09700815A07 /* Products */;
			projectDirPath = "";
			projectRoot = "";
			targets = (
				CBD7FB1F27ABC09700815A07 /* ScreenTransitionExample */,
			);
		};
/* End PBXProject section */

/* Begin PBXResourcesBuildPhase section */
		CBD7FB1E27ABC09700815A07 /* Resources */ = {
			isa = PBXResourcesBuildPhase;
			buildActionMask = 2147483647;
			files = (
				CBD7FB3027ABC09800815A07 /* LaunchScreen.storyboard in Resources */,
				CBD7FB2D27ABC09800815A07 /* Assets.xcassets in Resources */,
				CBD7FB2B27ABC09700815A07 /* Main.storyboard in Resources */,
			);
			runOnlyForDeploymentPostprocessing = 0;
		};
/* End PBXResourcesBuildPhase section */

/* Begin PBXSourcesBuildPhase section */
		CBD7FB1C27ABC09700815A07 /* Sources */ = {
			isa = PBXSourcesBuildPhase;
			buildActionMask = 2147483647;
			files = (
				CB1178D027ABCA13008DABB0 /* SeguePushViewController.swift in Sources */,
				CB1178D427ABCE5F008DABB0 /* CodePushViewController.swift in Sources */,
				CBD7FB2827ABC09700815A07 /* ViewController.swift in Sources */,
				CBD7FB2427ABC09700815A07 /* AppDelegate.swift in Sources */,
				CB1178D627ABD074008DABB0 /* CodePresentViewController.swift in Sources */,
				CB1178D227ABCC67008DABB0 /* SeguePresentViewController.swift in Sources */,
				CBD7FB2627ABC09700815A07 /* SceneDelegate.swift in Sources */,
			);
			runOnlyForDeploymentPostprocessing = 0;
		};
/* End PBXSourcesBuildPhase section */

/* Begin PBXVariantGroup section */
		CBD7FB2927ABC09700815A07 /* Main.storyboard */ = {
			isa = PBXVariantGroup;
			children = (
				CBD7FB2A27ABC09700815A07 /* Base */,
			);
			name = Main.storyboard;
			sourceTree = "<group>";
		};
		CBD7FB2E27ABC09800815A07 /* LaunchScreen.storyboard */ = {
			isa = PBXVariantGroup;
			children = (
				CBD7FB2F27ABC09800815A07 /* Base */,
			);
			name = LaunchScreen.storyboard;
			sourceTree = "<group>";
		};
/* End PBXVariantGroup section */

/* Begin XCBuildConfiguration section */
		CBD7FB3227ABC09800815A07 /* Debug */ = {
			isa = XCBuildConfiguration;
			buildSettings = {
				ALWAYS_SEARCH_USER_PATHS = NO;
				CLANG_ANALYZER_NONNULL = YES;
				CLANG_ANALYZER_NUMBER_OBJECT_CONVERSION = YES_AGGRESSIVE;
				CLANG_CXX_LANGUAGE_STANDARD = "gnu++17";
				CLANG_CXX_LIBRARY = "libc++";
				CLANG_ENABLE_MODULES = YES;
				CLANG_ENABLE_OBJC_ARC = YES;
				CLANG_ENABLE_OBJC_WEAK = YES;
				CLANG_WARN_BLOCK_CAPTURE_AUTORELEASING = YES;
				CLANG_WARN_BOOL_CONVERSION = YES;
				CLANG_WARN_COMMA = YES;
				CLANG_WARN_CONSTANT_CONVERSION = YES;
				CLANG_WARN_DEPRECATED_OBJC_IMPLEMENTATIONS = YES;
				CLANG_WARN_DIRECT_OBJC_ISA_USAGE = YES_ERROR;
				CLANG_WARN_DOCUMENTATION_COMMENTS = YES;
				CLANG_WARN_EMPTY_BODY = YES;
				CLANG_WARN_ENUM_CONVERSION = YES;
				CLANG_WARN_INFINITE_RECURSION = YES;
				CLANG_WARN_INT_CONVERSION = YES;
				CLANG_WARN_NON_LITERAL_NULL_CONVERSION = YES;
				CLANG_WARN_OBJC_IMPLICIT_RETAIN_SELF = YES;
				CLANG_WARN_OBJC_LITERAL_CONVERSION = YES;
				CLANG_WARN_OBJC_ROOT_CLASS = YES_ERROR;
				CLANG_WARN_QUOTED_INCLUDE_IN_FRAMEWORK_HEADER = YES;
				CLANG_WARN_RANGE_LOOP_ANALYSIS = YES;
				CLANG_WARN_STRICT_PROTOTYPES = YES;
				CLANG_WARN_SUSPICIOUS_MOVE = YES;
				CLANG_WARN_UNGUARDED_AVAILABILITY = YES_AGGRESSIVE;
				CLANG_WARN_UNREACHABLE_CODE = YES;
				CLANG_WARN__DUPLICATE_METHOD_MATCH = YES;
				COPY_PHASE_STRIP = NO;
				DEBUG_INFORMATION_FORMAT = dwarf;
				ENABLE_STRICT_OBJC_MSGSEND = YES;
				ENABLE_TESTABILITY = YES;
				GCC_C_LANGUAGE_STANDARD = gnu11;
				GCC_DYNAMIC_NO_PIC = NO;
				GCC_NO_COMMON_BLOCKS = YES;
				GCC_OPTIMIZATION_LEVEL = 0;
				GCC_PREPROCESSOR_DEFINITIONS = (
					"DEBUG=1",
					"$(inherited)",
				);
				GCC_WARN_64_TO_32_BIT_CONVERSION = YES;
				GCC_WARN_ABOUT_RETURN_TYPE = YES_ERROR;
				GCC_WARN_UNDECLARED_SELECTOR = YES;
				GCC_WARN_UNINITIALIZED_AUTOS = YES_AGGRESSIVE;
				GCC_WARN_UNUSED_FUNCTION = YES;
				GCC_WARN_UNUSED_VARIABLE = YES;
				IPHONEOS_DEPLOYMENT_TARGET = 15.2;
				MTL_ENABLE_DEBUG_INFO = INCLUDE_SOURCE;
				MTL_FAST_MATH = YES;
				ONLY_ACTIVE_ARCH = YES;
				SDKROOT = iphoneos;
				SWIFT_ACTIVE_COMPILATION_CONDITIONS = DEBUG;
				SWIFT_OPTIMIZATION_LEVEL = "-Onone";
			};
			name = Debug;
		};
		CBD7FB3327ABC09800815A07 /* Release */ = {
			isa = XCBuildConfiguration;
			buildSettings = {
				ALWAYS_SEARCH_USER_PATHS = NO;
				CLANG_ANALYZER_NONNULL = YES;
				CLANG_ANALYZER_NUMBER_OBJECT_CONVERSION = YES_AGGRESSIVE;
				CLANG_CXX_LANGUAGE_STANDARD = "gnu++17";
				CLANG_CXX_LIBRARY = "libc++";
				CLANG_ENABLE_MODULES = YES;
				CLANG_ENABLE_OBJC_ARC = YES;
				CLANG_ENABLE_OBJC_WEAK = YES;
				CLANG_WARN_BLOCK_CAPTURE_AUTORELEASING = YES;
				CLANG_WARN_BOOL_CONVERSION = YES;
				CLANG_WARN_COMMA = YES;
				CLANG_WARN_CONSTANT_CONVERSION = YES;
				CLANG_WARN_DEPRECATED_OBJC_IMPLEMENTATIONS = YES;
				CLANG_WARN_DIRECT_OBJC_ISA_USAGE = YES_ERROR;
				CLANG_WARN_DOCUMENTATION_COMMENTS = YES;
				CLANG_WARN_EMPTY_BODY = YES;
				CLANG_WARN_ENUM_CONVERSION = YES;
				CLANG_WARN_INFINITE_RECURSION = YES;
				CLANG_WARN_INT_CONVERSION = YES;
				CLANG_WARN_NON_LITERAL_NULL_CONVERSION = YES;
				CLANG_WARN_OBJC_IMPLICIT_RETAIN_SELF = YES;
				CLANG_WARN_OBJC_LITERAL_CONVERSION = YES;
				CLANG_WARN_OBJC_ROOT_CLASS = YES_ERROR;
				CLANG_WARN_QUOTED_INCLUDE_IN_FRAMEWORK_HEADER = YES;
				CLANG_WARN_RANGE_LOOP_ANALYSIS = YES;
				CLANG_WARN_STRICT_PROTOTYPES = YES;
				CLANG_WARN_SUSPICIOUS_MOVE = YES;
				CLANG_WARN_UNGUARDED_AVAILABILITY = YES_AGGRESSIVE;
				CLANG_WARN_UNREACHABLE_CODE = YES;
				CLANG_WARN__DUPLICATE_METHOD_MATCH = YES;
				COPY_PHASE_STRIP = NO;
				DEBUG_INFORMATION_FORMAT = "dwarf-with-dsym";
				ENABLE_NS_ASSERTIONS = NO;
				ENABLE_STRICT_OBJC_MSGSEND = YES;
				GCC_C_LANGUAGE_STANDARD = gnu11;
				GCC_NO_COMMON_BLOCKS = YES;
				GCC_WARN_64_TO_32_BIT_CONVERSION = YES;
				GCC_WARN_ABOUT_RETURN_TYPE = YES_ERROR;
				GCC_WARN_UNDECLARED_SELECTOR = YES;
				GCC_WARN_UNINITIALIZED_AUTOS = YES_AGGRESSIVE;
				GCC_WARN_UNUSED_FUNCTION = YES;
				GCC_WARN_UNUSED_VARIABLE = YES;
				IPHONEOS_DEPLOYMENT_TARGET = 15.2;
				MTL_ENABLE_DEBUG_INFO = NO;
				MTL_FAST_MATH = YES;
				SDKROOT = iphoneos;
				SWIFT_COMPILATION_MODE = wholemodule;
				SWIFT_OPTIMIZATION_LEVEL = "-O";
				VALIDATE_PRODUCT = YES;
			};
			name = Release;
		};
		CBD7FB3527ABC09800815A07 /* Debug */ = {
			isa = XCBuildConfiguration;
			buildSettings = {
				ASSETCATALOG_COMPILER_APPICON_NAME = AppIcon;
				ASSETCATALOG_COMPILER_GLOBAL_ACCENT_COLOR_NAME = AccentColor;
				CODE_SIGN_STYLE = Automatic;
				CURRENT_PROJECT_VERSION = 1;
				DEVELOPMENT_TEAM = 34STBCNCDG;
				GENERATE_INFOPLIST_FILE = YES;
				INFOPLIST_FILE = ScreenTransitionExample/Info.plist;
				INFOPLIST_KEY_UIApplicationSupportsIndirectInputEvents = YES;
				INFOPLIST_KEY_UILaunchStoryboardName = LaunchScreen;
				INFOPLIST_KEY_UIMainStoryboardFile = Main;
				INFOPLIST_KEY_UISupportedInterfaceOrientations_iPad = "UIInterfaceOrientationPortrait UIInterfaceOrientationPortraitUpsideDown UIInterfaceOrientationLandscapeLeft UIInterfaceOrientationLandscapeRight";
				INFOPLIST_KEY_UISupportedInterfaceOrientations_iPhone = "UIInterfaceOrientationPortrait UIInterfaceOrientationLandscapeLeft UIInterfaceOrientationLandscapeRight";
				LD_RUNPATH_SEARCH_PATHS = (
					"$(inherited)",
					"@executable_path/Frameworks",
				);
				MARKETING_VERSION = 1.0;
				PRODUCT_BUNDLE_IDENTIFIER = kr.co.junbok.ScreenTransitionExample;
				PRODUCT_NAME = "$(TARGET_NAME)";
				SWIFT_EMIT_LOC_STRINGS = YES;
				SWIFT_VERSION = 5.0;
				TARGETED_DEVICE_FAMILY = "1,2";
			};
			name = Debug;
		};
		CBD7FB3627ABC09800815A07 /* Release */ = {
			isa = XCBuildConfiguration;
			buildSettings = {
				ASSETCATALOG_COMPILER_APPICON_NAME = AppIcon;
				ASSETCATALOG_COMPILER_GLOBAL_ACCENT_COLOR_NAME = AccentColor;
				CODE_SIGN_STYLE = Automatic;
				CURRENT_PROJECT_VERSION = 1;
				DEVELOPMENT_TEAM = 34STBCNCDG;
				GENERATE_INFOPLIST_FILE = YES;
				INFOPLIST_FILE = ScreenTransitionExample/Info.plist;
				INFOPLIST_KEY_UIApplicationSupportsIndirectInputEvents = YES;
				INFOPLIST_KEY_UILaunchStoryboardName = LaunchScreen;
				INFOPLIST_KEY_UIMainStoryboardFile = Main;
				INFOPLIST_KEY_UISupportedInterfaceOrientations_iPad = "UIInterfaceOrientationPortrait UIInterfaceOrientationPortraitUpsideDown UIInterfaceOrientationLandscapeLeft UIInterfaceOrientationLandscapeRight";
				INFOPLIST_KEY_UISupportedInterfaceOrientations_iPhone = "UIInterfaceOrientationPortrait UIInterfaceOrientationLandscapeLeft UIInterfaceOrientationLandscapeRight";
				LD_RUNPATH_SEARCH_PATHS = (
					"$(inherited)",
					"@executable_path/Frameworks",
				);
				MARKETING_VERSION = 1.0;
				PRODUCT_BUNDLE_IDENTIFIER = kr.co.junbok.ScreenTransitionExample;
				PRODUCT_NAME = "$(TARGET_NAME)";
				SWIFT_EMIT_LOC_STRINGS = YES;
				SWIFT_VERSION = 5.0;
				TARGETED_DEVICE_FAMILY = "1,2";
			};
			name = Release;
		};
/* End XCBuildConfiguration section */

/* Begin XCConfigurationList section */
		CBD7FB1B27ABC09700815A07 /* Build configuration list for PBXProject "ScreenTransitionExample" */ = {
			isa = XCConfigurationList;
			buildConfigurations = (
				CBD7FB3227ABC09800815A07 /* Debug */,
				CBD7FB3327ABC09800815A07 /* Release */,
			);
			defaultConfigurationIsVisible = 0;
			defaultConfigurationName = Release;
		};
		CBD7FB3427ABC09800815A07 /* Build configuration list for PBXNativeTarget "ScreenTransitionExample" */ = {
			isa = XCConfigurationList;
			buildConfigurations = (
				CBD7FB3527ABC09800815A07 /* Debug */,
				CBD7FB3627ABC09800815A07 /* Release */,
			);
			defaultConfigurationIsVisible = 0;
			defaultConfigurationName = Release;
		};
/* End XCConfigurationList section */
	};
	rootObject = CBD7FB1827ABC09700815A07 /* Project object */;
}
